
Microsoft Visual Studio Solution File, Format Version 12.00
# Visual Studio Version 17
VisualStudioVersion = 17.11.35312.102
MinimumVisualStudioVersion = 10.0.40219.1
Project("{FAE04EC0-301F-11D3-BF4B-00C04F79EFBC}") = "DeployApi", "DeployApi\DeployApi.csproj", "{FD8C1017-8A8C-471C-833C-81EE9653DC78}"
EndProject
Global
	GlobalSection(SolutionConfigurationPlatforms) = preSolution
		Debug|Any CPU = Debug|Any CPU
		Release|Any CPU = Release|Any CPU
	EndGlobalSection
	GlobalSection(ProjectConfigurationPlatforms) = postSolution
		{FD8C1017-8A8C-471C-833C-81EE9653DC78}.Debug|Any CPU.ActiveCfg = Debug|Any CPU
		{FD8C1017-8A8C-471C-833C-81EE9653DC78}.Debug|Any CPU.Build.0 = Debug|Any CPU
		{FD8C1017-8A8C-471C-833C-81EE9653DC78}.Release|Any CPU.ActiveCfg = Release|Any CPU
		{FD8C1017-8A8C-471C-833C-81EE9653DC78}.Release|Any CPU.Build.0 = Release|Any CPU
	EndGlobalSection
	GlobalSection(SolutionProperties) = preSolution
		HideSolutionNode = FALSE
	EndGlobalSection
	GlobalSection(ExtensibilityGlobals) = postSolution
		SolutionGuid = {D1F46593-6C1C-42DA-94B3-A2260DED8F95}
	EndGlobalSection
EndGlobal
